
Microsoft Visual Studio Solution File, Format Version 12.00
# Visual Studio Version 16
VisualStudioVersion = 16.0.31205.134
MinimumVisualStudioVersion = 10.0.40219.1
Project("{FAE04EC0-301F-11D3-BF4B-00C04F79EFBC}") = "EternalBlue.Web", "EternalBlue.Web\EternalBlue.Web.csproj", "{2C5B726C-3E86-488F-89B7-2F8D7245C0DF}"
EndProject
Global
	GlobalSection(SolutionConfigurationPlatforms) = preSolution
		Debug|Any CPU = Debug|Any CPU
		Release|Any CPU = Release|Any CPU
	EndGlobalSection
	GlobalSection(ProjectConfigurationPlatforms) = postSolution
		{2C5B726C-3E86-488F-89B7-2F8D7245C0DF}.Debug|Any CPU.ActiveCfg = Debug|Any CPU
		{2C5B726C-3E86-488F-89B7-2F8D7245C0DF}.Debug|Any CPU.Build.0 = Debug|Any CPU
		{2C5B726C-3E86-488F-89B7-2F8D7245C0DF}.Release|Any CPU.ActiveCfg = Release|Any CPU
		{2C5B726C-3E86-488F-89B7-2F8D7245C0DF}.Release|Any CPU.Build.0 = Release|Any CPU
	EndGlobalSection
	GlobalSection(SolutionProperties) = preSolution
		HideSolutionNode = FALSE
	EndGlobalSection
	GlobalSection(ExtensibilityGlobals) = postSolution
		SolutionGuid = {59722BF4-2A6E-424E-A623-BF33399DA2A5}
	EndGlobalSection
EndGlobal
